
Microsoft Visual Studio Solution File, Format Version 12.00
# Visual Studio Version 16
VisualStudioVersion = 16.0.34301.259
MinimumVisualStudioVersion = 10.0.40219.1
Project("{FAE04EC0-301F-11D3-BF4B-00C04F79EFBC}") = "chain-responsibility-method", "chain-responsibility-method\chain-responsibility-method.csproj", "{B4C05570-6D21-4BE7-A5B0-3EAB8E383281}"
EndProject
Global
	GlobalSection(SolutionConfigurationPlatforms) = preSolution
		Debug|Any CPU = Debug|Any CPU
		Release|Any CPU = Release|Any CPU
	EndGlobalSection
	GlobalSection(ProjectConfigurationPlatforms) = postSolution
		{B4C05570-6D21-4BE7-A5B0-3EAB8E383281}.Debug|Any CPU.ActiveCfg = Debug|Any CPU
		{B4C05570-6D21-4BE7-A5B0-3EAB8E383281}.Debug|Any CPU.Build.0 = Debug|Any CPU
		{B4C05570-6D21-4BE7-A5B0-3EAB8E383281}.Release|Any CPU.ActiveCfg = Release|Any CPU
		{B4C05570-6D21-4BE7-A5B0-3EAB8E383281}.Release|Any CPU.Build.0 = Release|Any CPU
	EndGlobalSection
	GlobalSection(SolutionProperties) = preSolution
		HideSolutionNode = FALSE
	EndGlobalSection
	GlobalSection(ExtensibilityGlobals) = postSolution
		SolutionGuid = {7266FB45-BA07-491F-A52B-CF46D8064C4F}
	EndGlobalSection
EndGlobal
